PODS:
  - Alamofire (4.8.2)
  - EFCountingLabel (5.1.1)
  - GoogleMaps (3.8.0):
    - GoogleMaps/Maps (= 3.8.0)
  - GoogleMaps/Base (3.8.0)
  - GoogleMaps/Maps (3.8.0):
    - GoogleMaps/Base
  - Moya (13.0.1):
    - Moya/Core (= 13.0.1)
  - Moya/Core (13.0.1):
    - Alamofire (~> 4.1)
    - Result (~> 4.1)
  - PKHUD (5.3.0)
  - RAMAnimatedTabBarController (5.1.0)
  - Result (4.1.0)
  - SwiftyJSON (5.0.0)

DEPENDENCIES:
  - Alamofire (~> 4.8.2)
  - EFCountingLabel
  - GoogleMaps
  - Moya (~> 13.0.1)
  - PKHUD
  - RAMAnimatedTabBarController
  - SwiftyJSON

SPEC REPOS:
  trunk:
    - Alamofire
    - EFCountingLabel
    - GoogleMaps
    - Moya
    - PKHUD
    - RAMAnimatedTabBarController
    - Result
    - SwiftyJSON

SPEC CHECKSUMS:
  Alamofire: ae5c501addb7afdbb13687d7f2f722c78734c2d3
  EFCountingLabel: 605358591a67a3c92feb7ec32486bfab4a30e2c9
  GoogleMaps: 7c8d66d70e4e8c300f43a7219d8fdaad7b325a9a
  Moya: f4a4b80ff2f8a4ffc208dfb31cd91636622fee6e
  PKHUD: 98f3e4bc904b9c916f1c5bb6d765365b5357291b
  RAMAnimatedTabBarController: b5c821298071fded801532216ad8a24394f89859
  Result: bd966fac789cc6c1563440b348ab2598cc24d5c7
  SwiftyJSON: 36413e04c44ee145039d332b4f4e2d3e8d6c4db7

PODFILE CHECKSUM: cdbc6c1d4698d907c43b775c5bbfc19f00512dc5

COCOAPODS: 1.9.1
